
Microsoft Visual Studio Solution File, Format Version 12.00
# Visual Studio Version 17
VisualStudioVersion = 17.7.34031.279
MinimumVisualStudioVersion = 10.0.40219.1
Project("{FAE04EC0-301F-11D3-BF4B-00C04F79EFBC}") = "Lab5", "Lab5\Lab5.csproj", "{47FABF2B-9736-4B0E-879B-0657698A3337}"
EndProject
Global
	GlobalSection(SolutionConfigurationPlatforms) = preSolution
		Debug|Any CPU = Debug|Any CPU
		Release|Any CPU = Release|Any CPU
	EndGlobalSection
	GlobalSection(ProjectConfigurationPlatforms) = postSolution
		{47FABF2B-9736-4B0E-879B-0657698A3337}.Debug|Any CPU.ActiveCfg = Debug|Any CPU
		{47FABF2B-9736-4B0E-879B-0657698A3337}.Debug|Any CPU.Build.0 = Debug|Any CPU
		{47FABF2B-9736-4B0E-879B-0657698A3337}.Release|Any CPU.ActiveCfg = Release|Any CPU
		{47FABF2B-9736-4B0E-879B-0657698A3337}.Release|Any CPU.Build.0 = Release|Any CPU
	EndGlobalSection
	GlobalSection(SolutionProperties) = preSolution
		HideSolutionNode = FALSE
	EndGlobalSection
	GlobalSection(ExtensibilityGlobals) = postSolution
		SolutionGuid = {1DCA2DB8-2874-4A3B-89A1-6ECD75FB38AD}
	EndGlobalSection
EndGlobal
